// !$*UTF8*$!
{
	archiveVersion = 1;
	classes = {
	};
	objectVersion = 46;
	objects = {

/* Begin PBXBuildFile section */
		06754F151C18DD69001A81E3 /* main.m in Sources */ = {isa = PBXBuildFile; fileRef = 06754F141C18DD69001A81E3 /* main.m */; };
		06754F181C18DD69001A81E3 /* AppDelegate.m in Sources */ = {isa = PBXBuildFile; fileRef = 06754F171C18DD69001A81E3 /* AppDelegate.m */; };
		06754F1B1C18DD69001A81E3 /* ViewController.m in Sources */ = {isa = PBXBuildFile; fileRef = 06754F1A1C18DD69001A81E3 /* ViewController.m */; };
		06754F1E1C18DD69001A81E3 /* Main.storyboard in Resources */ = {isa = PBXBuildFile; fileRef = 06754F1C1C18DD69001A81E3 /* Main.storyboard */; };
		06754F201C18DD69001A81E3 /* Images.xcassets in Resources */ = {isa = PBXBuildFile; fileRef = 06754F1F1C18DD69001A81E3 /* Images.xcassets */; };
		06754F231C18DD69001A81E3 /* LaunchScreen.xib in Resources */ = {isa = PBXBuildFile; fileRef = 06754F211C18DD69001A81E3 /* LaunchScreen.xib */; };
		06754F2F1C18DD69001A81E3 /* QuizAppTests.m in Sources */ = {isa = PBXBuildFile; fileRef = 06754F2E1C18DD69001A81E3 /* QuizAppTests.m */; };
/* End PBXBuildFile section */

/* Begin PBXContainerItemProxy section */
		06754F291C18DD69001A81E3 /* PBXContainerItemProxy */ = {
			isa = PBXContainerItemProxy;
			containerPortal = 06754F071C18DD69001A81E3 /* Project object */;
			proxyType = 1;
			remoteGlobalIDString = 06754F0E1C18DD69001A81E3;
			remoteInfo = QuizApp;
		};
/* End PBXContainerItemProxy section */

/* Begin PBXFileReference section */
		06754F0F1C18DD69001A81E3 /* QuizApp.app */ = {isa = PBXFileReference; explicitFileType = wrapper.application; includeInIndex = 0; path = QuizApp.app; sourceTree = BUILT_PRODUCTS_DIR; };
		06754F131C18DD69001A81E3 /* Info.plist */ = {isa = PBXFileReference; lastKnownFileType = text.plist.xml; path = Info.plist; sourceTree = "<group>"; };
		06754F141C18DD69001A81E3 /* main.m */ = {isa = PBXFileReference; lastKnownFileType = sourcecode.c.objc; path = main.m; sourceTree = "<group>"; };
		06754F161C18DD69001A81E3 /* AppDelegate.h */ = {isa = PBXFileReference; lastKnownFileType = sourcecode.c.h; path = AppDelegate.h; sourceTree = "<group>"; };
		06754F171C18DD69001A81E3 /* AppDelegate.m */ = {isa = PBXFileReference; lastKnownFileType = sourcecode.c.objc; path = AppDelegate.m; sourceTree = "<group>"; };
		06754F191C18DD69001A81E3 /* ViewController.h */ = {isa = PBXFileReference; lastKnownFileType = sourcecode.c.h; path = ViewController.h; sourceTree = "<group>"; };
		06754F1A1C18DD69001A81E3 /* ViewController.m */ = {isa = PBXFileReference; lastKnownFileType = sourcecode.c.objc; path = ViewController.m; sourceTree = "<group>"; };
		06754F1D1C18DD69001A81E3 /* Base */ = {isa = PBXFileReference; lastKnownFileType = file.storyboard; name = Base; path = Base.lproj/Main.storyboard; sourceTree = "<group>"; };
		06754F1F1C18DD69001A81E3 /* Images.xcassets */ = {isa = PBXFileReference; lastKnownFileType = folder.assetcatalog; path = Images.xcassets; sourceTree = "<group>"; };
		06754F221C18DD69001A81E3 /* Base */ = {isa = PBXFileReference; lastKnownFileType = file.xib; name = Base; path = Base.lproj/LaunchScreen.xib; sourceTree = "<group>"; };
		06754F281C18DD69001A81E3 /* QuizAppTests.xctest */ = {isa = PBXFileReference; explicitFileType = wrapper.cfbundle; includeInIndex = 0; path = QuizAppTests.xctest; sourceTree = BUILT_PRODUCTS_DIR; };
		06754F2D1C18DD69001A81E3 /* Info.plist */ = {isa = PBXFileReference; lastKnownFileType = text.plist.xml; path = Info.plist; sourceTree = "<group>"; };
		06754F2E1C18DD69001A81E3 /* QuizAppTests.m */ = {isa = PBXFileReference; lastKnownFileType = sourcecode.c.objc; path = QuizAppTests.m; sourceTree = "<group>"; };
/* End PBXFileReference section */

/* Begin PBXFrameworksBuildPhase section */
		06754F0C1C18DD69001A81E3 /* Frameworks */ = {
			isa = PBXFrameworksBuildPhase;
			buildActionMask = 2147483647;
			files = (
			);
			runOnlyForDeploymentPostprocessing = 0;
		};
		06754F251C18DD69001A81E3 /* Frameworks */ = {
			isa = PBXFrameworksBuildPhase;
			buildActionMask = 2147483647;
			files = (
			);
			runOnlyForDeploymentPostprocessing = 0;
		};
/* End PBXFrameworksBuildPhase section */

/* Begin PBXGroup section */
		06754F061C18DD69001A81E3 = {
			isa = PBXGroup;
			children = (
				06754F111C18DD69001A81E3 /* QuizApp */,
				06754F2B1C18DD69001A81E3 /* QuizAppTests */,
				06754F101C18DD69001A81E3 /* Products */,
			);
			sourceTree = "<group>";
		};
		06754F101C18DD69001A81E3 /* Products */ = {
			isa = PBXGroup;
			children = (
				06754F0F1C18DD69001A81E3 /* QuizApp.app */,
				06754F281C18DD69001A81E3 /* QuizAppTests.xctest */,
			);
			name = Products;
			sourceTree = "<group>";
		};
		06754F111C18DD69001A81E3 /* QuizApp */ = {
			isa = PBXGroup;
			children = (
				06754F161C18DD69001A81E3 /* AppDelegate.h */,
				06754F171C18DD69001A81E3 /* AppDelegate.m */,
				06754F191C18DD69001A81E3 /* ViewController.h */,
				06754F1A1C18DD69001A81E3 /* ViewController.m */,
				06754F1C1C18DD69001A81E3 /* Main.storyboard */,
				06754F1F1C18DD69001A81E3 /* Images.xcassets */,
				06754F211C18DD69001A81E3 /* LaunchScreen.xib */,
				06754F121C18DD69001A81E3 /* Supporting Files */,
			);
			path = QuizApp;
			sourceTree = "<group>";
		};
		06754F121C18DD69001A81E3 /* Supporting Files */ = {
			isa = PBXGroup;
			children = (
				06754F131C18DD69001A81E3 /* Info.plist */,
				06754F141C18DD69001A81E3 /* main.m */,
			);
			name = "Supporting Files";
			sourceTree = "<group>";
		};
		06754F2B1C18DD69001A81E3 /* QuizAppTests */ = {
			isa = PBXGroup;
			children = (
				06754F2E1C18DD69001A81E3 /* QuizAppTests.m */,
				06754F2C1C18DD69001A81E3 /* Supporting Files */,
			);
			path = QuizAppTests;
			sourceTree = "<group>";
		};
		06754F2C1C18DD69001A81E3 /* Supporting Files */ = {
			isa = PBXGroup;
			children = (
				06754F2D1C18DD69001A81E3 /* Info.plist */,
			);
			name = "Supporting Files";
			sourceTree = "<group>";
		};
/* End PBXGroup section */

/* Begin PBXNativeTarget section */
		06754F0E1C18DD69001A81E3 /* QuizApp */ = {
			isa = PBXNativeTarget;
			buildConfigurationList = 06754F321C18DD69001A81E3 /* Build configuration list for PBXNativeTarget "QuizApp" */;
			buildPhases = (
				06754F0B1C18DD69001A81E3 /* Sources */,
				06754F0C1C18DD69001A81E3 /* Frameworks */,
				06754F0D1C18DD69001A81E3 /* Resources */,
			);
			buildRules = (
			);
			dependencies = (
			);
			name = QuizApp;
			productName = QuizApp;
			productReference = 06754F0F1C18DD69001A81E3 /* QuizApp.app */;
			productType = "com.apple.product-type.application";
		};
		06754F271C18DD69001A81E3 /* QuizAppTests */ = {
			isa = PBXNativeTarget;
			buildConfigurationList = 06754F351C18DD69001A81E3 /* Build configuration list for PBXNativeTarget "QuizAppTests" */;
			buildPhases = (
				06754F241C18DD69001A81E3 /* Sources */,
				06754F251C18DD69001A81E3 /* Frameworks */,
				06754F261C18DD69001A81E3 /* Resources */,
			);
			buildRules = (
			);
			dependencies = (
				06754F2A1C18DD69001A81E3 /* PBXTargetDependency */,
			);
			name = QuizAppTests;
			productName = QuizAppTests;
			productReference = 06754F281C18DD69001A81E3 /* QuizAppTests.xctest */;
			productType = "com.apple.product-type.bundle.unit-test";
		};
/* End PBXNativeTarget section */

/* Begin PBXProject section */
		06754F071C18DD69001A81E3 /* Project object */ = {
			isa = PBXProject;
			attributes = {
				LastUpgradeCheck = 0640;
				ORGANIZATIONNAME = "takahiro ikeda";
				TargetAttributes = {
					06754F0E1C18DD69001A81E3 = {
						CreatedOnToolsVersion = 6.4;
					};
					06754F271C18DD69001A81E3 = {
						CreatedOnToolsVersion = 6.4;
						TestTargetID = 06754F0E1C18DD69001A81E3;
					};
				};
			};
			buildConfigurationList = 06754F0A1C18DD69001A81E3 /* Build configuration list for PBXProject "QuizApp" */;
			compatibilityVersion = "Xcode 3.2";
			developmentRegion = English;
			hasScannedForEncodings = 0;
			knownRegions = (
				en,
				Base,
			);
			mainGroup = 06754F061C18DD69001A81E3;
			productRefGroup = 06754F101C18DD69001A81E3 /* Products */;
			projectDirPath = "";
			projectRoot = "";
			targets = (
				06754F0E1C18DD69001A81E3 /* QuizApp */,
				06754F271C18DD69001A81E3 /* QuizAppTests */,
			);
		};
/* End PBXProject section */

/* Begin PBXResourcesBuildPhase section */
		06754F0D1C18DD69001A81E3 /* Resources */ = {
			isa = PBXResourcesBuildPhase;
			buildActionMask = 2147483647;
			files = (
				06754F1E1C18DD69001A81E3 /* Main.storyboard in Resources */,
				06754F231C18DD69001A81E3 /* LaunchScreen.xib in Resources */,
				06754F201C18DD69001A81E3 /* Images.xcassets in Resources */,
			);
			runOnlyForDeploymentPostprocessing = 0;
		};
		06754F261C18DD69001A81E3 /* Resources */ = {
			isa = PBXResourcesBuildPhase;
			buildActionMask = 2147483647;
			files = (
			);
			runOnlyForDeploymentPostprocessing = 0;
		};
/* End PBXResourcesBuildPhase section */

/* Begin PBXSourcesBuildPhase section */
		06754F0B1C18DD69001A81E3 /* Sources */ = {
			isa = PBXSourcesBuildPhase;
			buildActionMask = 2147483647;
			files = (
				06754F1B1C18DD69001A81E3 /* ViewController.m in Sources */,
				06754F181C18DD69001A81E3 /* AppDelegate.m in Sources */,
				06754F151C18DD69001A81E3 /* main.m in Sources */,
			);
			runOnlyForDeploymentPostprocessing = 0;
		};
		06754F241C18DD69001A81E3 /* Sources */ = {
			isa = PBXSourcesBuildPhase;
			buildActionMask = 2147483647;
			files = (
				06754F2F1C18DD69001A81E3 /* QuizAppTests.m in Sources */,
			);
			runOnlyForDeploymentPostprocessing = 0;
		};
/* End PBXSourcesBuildPhase section */

/* Begin PBXTargetDependency section */
		06754F2A1C18DD69001A81E3 /* PBXTargetDependency */ = {
			isa = PBXTargetDependency;
			target = 06754F0E1C18DD69001A81E3 /* QuizApp */;
			targetProxy = 06754F291C18DD69001A81E3 /* PBXContainerItemProxy */;
		};
/* End PBXTargetDependency section */

/* Begin PBXVariantGroup section */
		06754F1C1C18DD69001A81E3 /* Main.storyboard */ = {
			isa = PBXVariantGroup;
			children = (
				06754F1D1C18DD69001A81E3 /* Base */,
			);
			name = Main.storyboard;
			sourceTree = "<group>";
		};
		06754F211C18DD69001A81E3 /* LaunchScreen.xib */ = {
			isa = PBXVariantGroup;
			children = (
				06754F221C18DD69001A81E3 /* Base */,
			);
			name = LaunchScreen.xib;
			sourceTree = "<group>";
		};
/* End PBXVariantGroup section */

/* Begin XCBuildConfiguration section */
		06754F301C18DD69001A81E3 /* Debug */ = {
			isa = XCBuildConfiguration;
			buildSettings = {
				ALWAYS_SEARCH_USER_PATHS = NO;
				CLANG_CXX_LANGUAGE_STANDARD = "gnu++0x";
				CLANG_CXX_LIBRARY = "libc++";
				CLANG_ENABLE_MODULES = YES;
				CLANG_ENABLE_OBJC_ARC = YES;
				CLANG_WARN_BOOL_CONVERSION = YES;
				CLANG_WARN_CONSTANT_CONVERSION = YES;
				CLANG_WARN_DIRECT_OBJC_ISA_USAGE = YES_ERROR;
				CLANG_WARN_EMPTY_BODY = YES;
				CLANG_WARN_ENUM_CONVERSION = YES;
				CLANG_WARN_INT_CONVERSION = YES;
				CLANG_WARN_OBJC_ROOT_CLASS = YES_ERROR;
				CLANG_WARN_UNREACHABLE_CODE = YES;
				CLANG_WARN__DUPLICATE_METHOD_MATCH = YES;
				"CODE_SIGN_IDENTITY[sdk=iphoneos*]" = "iPhone Developer";
				COPY_PHASE_STRIP = NO;
				DEBUG_INFORMATION_FORMAT = "dwarf-with-dsym";
				ENABLE_STRICT_OBJC_MSGSEND = YES;
				GCC_C_LANGUAGE_STANDARD = gnu99;
				GCC_DYNAMIC_NO_PIC = NO;
				GCC_NO_COMMON_BLOCKS = YES;
				GCC_OPTIMIZATION_LEVEL = 0;
				GCC_PREPROCESSOR_DEFINITIONS = (
					"DEBUG=1",
					"$(inherited)",
				);
				GCC_SYMBOLS_PRIVATE_EXTERN = NO;
				GCC_WARN_64_TO_32_BIT_CONVERSION = YES;
				GCC_WARN_ABOUT_RETURN_TYPE = YES_ERROR;
				GCC_WARN_UNDECLARED_SELECTOR = YES;
				GCC_WARN_UNINITIALIZED_AUTOS = YES_AGGRESSIVE;
				GCC_WARN_UNUSED_FUNCTION = YES;
				GCC_WARN_UNUSED_VARIABLE = YES;
				IPHONEOS_DEPLOYMENT_TARGET = 8.4;
				MTL_ENABLE_DEBUG_INFO = YES;
				ONLY_ACTIVE_ARCH = YES;
				SDKROOT = iphoneos;
			};
			name = Debug;
		};
		06754F311C18DD69001A81E3 /* Release */ = {
			isa = XCBuildConfiguration;
			buildSettings = {
				ALWAYS_SEARCH_USER_PATHS = NO;
				CLANG_CXX_LANGUAGE_STANDARD = "gnu++0x";
				CLANG_CXX_LIBRARY = "libc++";
				CLANG_ENABLE_MODULES = YES;
				CLANG_ENABLE_OBJC_ARC = YES;
				CLANG_WARN_BOOL_CONVERSION = YES;
				CLANG_WARN_CONSTANT_CONVERSION = YES;
				CLANG_WARN_DIRECT_OBJC_ISA_USAGE = YES_ERROR;
				CLANG_WARN_EMPTY_BODY = YES;
				CLANG_WARN_ENUM_CONVERSION = YES;
				CLANG_WARN_INT_CONVERSION = YES;
				CLANG_WARN_OBJC_ROOT_CLASS = YES_ERROR;
				CLANG_WARN_UNREACHABLE_CODE = YES;
				CLANG_WARN__DUPLICATE_METHOD_MATCH = YES;
				"CODE_SIGN_IDENTITY[sdk=iphoneos*]" = "iPhone Developer";
				COPY_PHASE_STRIP = NO;
				DEBUG_INFORMATION_FORMAT = "dwarf-with-dsym";
				ENABLE_NS_ASSERTIONS = NO;
				ENABLE_STRICT_OBJC_MSGSEND = YES;
				GCC_C_LANGUAGE_STANDARD = gnu99;
				GCC_NO_COMMON_BLOCKS = YES;
				GCC_WARN_64_TO_32_BIT_CONVERSION = YES;
				GCC_WARN_ABOUT_RETURN_TYPE = YES_ERROR;
				GCC_WARN_UNDECLARED_SELECTOR = YES;
				GCC_WARN_UNINITIALIZED_AUTOS = YES_AGGRESSIVE;
				GCC_WARN_UNUSED_FUNCTION = YES;
				GCC_WARN_UNUSED_VARIABLE = YES;
				IPHONEOS_DEPLOYMENT_TARGET = 8.4;
				MTL_ENABLE_DEBUG_INFO = NO;
				SDKROOT = iphoneos;
				VALIDATE_PRODUCT = YES;
			};
			name = Release;
		};
		06754F331C18DD69001A81E3 /* Debug */ = {
			isa = XCBuildConfiguration;
			buildSettings = {
				ASSETCATALOG_COMPILER_APPICON_NAME = AppIcon;
				INFOPLIST_FILE = QuizApp/Info.plist;
				LD_RUNPATH_SEARCH_PATHS = "$(inherited) @executable_path/Frameworks";
				PRODUCT_NAME = "$(TARGET_NAME)";
			};
			name = Debug;
		};
		06754F341C18DD69001A81E3 /* Release */ = {
			isa = XCBuildConfiguration;
			buildSettings = {
				ASSETCATALOG_COMPILER_APPICON_NAME = AppIcon;
				INFOPLIST_FILE = QuizApp/Info.plist;
				LD_RUNPATH_SEARCH_PATHS = "$(inherited) @executable_path/Frameworks";
				PRODUCT_NAME = "$(TARGET_NAME)";
			};
			name = Release;
		};
		06754F361C18DD69001A81E3 /* Debug */ = {
			isa = XCBuildConfiguration;
			buildSettings = {
				BUNDLE_LOADER = "$(TEST_HOST)";
				FRAMEWORK_SEARCH_PATHS = (
					"$(SDKROOT)/Developer/Library/Frameworks",
					"$(inherited)",
				);
				GCC_PREPROCESSOR_DEFINITIONS = (
					"DEBUG=1",
					"$(inherited)",
				);
				INFOPLIST_FILE = QuizAppTests/Info.plist;
				LD_RUNPATH_SEARCH_PATHS = "$(inherited) @executable_path/Frameworks @loader_path/Frameworks";
				PRODUCT_NAME = "$(TARGET_NAME)";
				TEST_HOST = "$(BUILT_PRODUCTS_DIR)/QuizApp.app/QuizApp";
			};
			name = Debug;
		};
		06754F371C18DD69001A81E3 /* Release */ = {
			isa = XCBuildConfiguration;
			buildSettings = {
				BUNDLE_LOADER = "$(TEST_HOST)";
				FRAMEWORK_SEARCH_PATHS = (
					"$(SDKROOT)/Developer/Library/Frameworks",
					"$(inherited)",
				);
				INFOPLIST_FILE = QuizAppTests/Info.plist;
				LD_RUNPATH_SEARCH_PATHS = "$(inherited) @executable_path/Frameworks @loader_path/Frameworks";
				PRODUCT_NAME = "$(TARGET_NAME)";
				TEST_HOST = "$(BUILT_PRODUCTS_DIR)/QuizApp.app/QuizApp";
			};
			name = Release;
		};
/* End XCBuildConfiguration section */

/* Begin XCConfigurationList section */
		06754F0A1C18DD69001A81E3 /* Build configuration list for PBXProject "QuizApp" */ = {
			isa = XCConfigurationList;
			buildConfigurations = (
				06754F301C18DD69001A81E3 /* Debug */,
				06754F311C18DD69001A81E3 /* Release */,
			);
			defaultConfigurationIsVisible = 0;
			defaultConfigurationName = Release;
		};
		06754F321C18DD69001A81E3 /* Build configuration list for PBXNativeTarget "QuizApp" */ = {
			isa = XCConfigurationList;
			buildConfigurations = (
				06754F331C18DD69001A81E3 /* Debug */,
				06754F341C18DD69001A81E3 /* Release */,
			);
			defaultConfigurationIsVisible = 0;
		};
		06754F351C18DD69001A81E3 /* Build configuration list for PBXNativeTarget "QuizAppTests" */ = {
			isa = XCConfigurationList;
			buildConfigurations = (
				06754F361C18DD69001A81E3 /* Debug */,
				06754F371C18DD69001A81E3 /* Release */,
			);
			defaultConfigurationIsVisible = 0;
		};
/* End XCConfigurationList section */
	};
	rootObject = 06754F071C18DD69001A81E3 /* Project object */;
}
